
Microsoft Visual Studio Solution File, Format Version 12.00
# Visual Studio Version 16
VisualStudioVersion = 16.0.32228.343
MinimumVisualStudioVersion = 10.0.40219.1
Project("{FAE04EC0-301F-11D3-BF4B-00C04F79EFBC}") = "UserData", "UserData\UserData.csproj", "{E4C1A60B-6CBA-45BE-9D31-665B020808F1}"
EndProject
Project("{FAE04EC0-301F-11D3-BF4B-00C04F79EFBC}") = "UserPIN", "UserPIN\UserPIN.csproj", "{73F96A8B-232E-4F57-A61E-8E5E868C0A00}"
EndProject
Project("{FAE04EC0-301F-11D3-BF4B-00C04F79EFBC}") = "InstagramAgeCheck", "InstagramAgeCheck\InstagramAgeCheck.csproj", "{389AA1C0-538D-461F-A997-AB4A3099DFB9}"
EndProject
Project("{FAE04EC0-301F-11D3-BF4B-00C04F79EFBC}") = "DrivingLisence", "DrivingLisence\DrivingLisence.csproj", "{DA7D1F15-3768-4771-A22F-044D8241B71F}"
EndProject
Global
	GlobalSection(SolutionConfigurationPlatforms) = preSolution
		Debug|Any CPU = Debug|Any CPU
		Release|Any CPU = Release|Any CPU
	EndGlobalSection
	GlobalSection(ProjectConfigurationPlatforms) = postSolution
		{E4C1A60B-6CBA-45BE-9D31-665B020808F1}.Debug|Any CPU.ActiveCfg = Debug|Any CPU
		{E4C1A60B-6CBA-45BE-9D31-665B020808F1}.Debug|Any CPU.Build.0 = Debug|Any CPU
		{E4C1A60B-6CBA-45BE-9D31-665B020808F1}.Release|Any CPU.ActiveCfg = Release|Any CPU
		{E4C1A60B-6CBA-45BE-9D31-665B020808F1}.Release|Any CPU.Build.0 = Release|Any CPU
		{73F96A8B-232E-4F57-A61E-8E5E868C0A00}.Debug|Any CPU.ActiveCfg = Debug|Any CPU
		{73F96A8B-232E-4F57-A61E-8E5E868C0A00}.Debug|Any CPU.Build.0 = Debug|Any CPU
		{73F96A8B-232E-4F57-A61E-8E5E868C0A00}.Release|Any CPU.ActiveCfg = Release|Any CPU
		{73F96A8B-232E-4F57-A61E-8E5E868C0A00}.Release|Any CPU.Build.0 = Release|Any CPU
		{389AA1C0-538D-461F-A997-AB4A3099DFB9}.Debug|Any CPU.ActiveCfg = Debug|Any CPU
		{389AA1C0-538D-461F-A997-AB4A3099DFB9}.Debug|Any CPU.Build.0 = Debug|Any CPU
		{389AA1C0-538D-461F-A997-AB4A3099DFB9}.Release|Any CPU.ActiveCfg = Release|Any CPU
		{389AA1C0-538D-461F-A997-AB4A3099DFB9}.Release|Any CPU.Build.0 = Release|Any CPU
		{DA7D1F15-3768-4771-A22F-044D8241B71F}.Debug|Any CPU.ActiveCfg = Debug|Any CPU
		{DA7D1F15-3768-4771-A22F-044D8241B71F}.Debug|Any CPU.Build.0 = Debug|Any CPU
		{DA7D1F15-3768-4771-A22F-044D8241B71F}.Release|Any CPU.ActiveCfg = Release|Any CPU
		{DA7D1F15-3768-4771-A22F-044D8241B71F}.Release|Any CPU.Build.0 = Release|Any CPU
	EndGlobalSection
	GlobalSection(SolutionProperties) = preSolution
		HideSolutionNode = FALSE
	EndGlobalSection
	GlobalSection(ExtensibilityGlobals) = postSolution
		SolutionGuid = {219C13A9-DF6A-4B06-B319-43CAB59C1516}
	EndGlobalSection
EndGlobal
